
Microsoft Visual Studio Solution File, Format Version 12.00
# Visual Studio Version 17
VisualStudioVersion = 17.2.32630.192
MinimumVisualStudioVersion = 10.0.40219.1
Project("{FAE04EC0-301F-11D3-BF4B-00C04F79EFBC}") = "Assignment_1", "Assignment_1.csproj", "{B1B22A9C-F746-4FA3-9194-539439BD7900}"
EndProject
Global
	GlobalSection(SolutionConfigurationPlatforms) = preSolution
		Debug|Any CPU = Debug|Any CPU
		Release|Any CPU = Release|Any CPU
	EndGlobalSection
	GlobalSection(ProjectConfigurationPlatforms) = postSolution
		{B1B22A9C-F746-4FA3-9194-539439BD7900}.Debug|Any CPU.ActiveCfg = Debug|Any CPU
		{B1B22A9C-F746-4FA3-9194-539439BD7900}.Debug|Any CPU.Build.0 = Debug|Any CPU
		{B1B22A9C-F746-4FA3-9194-539439BD7900}.Release|Any CPU.ActiveCfg = Release|Any CPU
		{B1B22A9C-F746-4FA3-9194-539439BD7900}.Release|Any CPU.Build.0 = Release|Any CPU
	EndGlobalSection
	GlobalSection(SolutionProperties) = preSolution
		HideSolutionNode = FALSE
	EndGlobalSection
	GlobalSection(ExtensibilityGlobals) = postSolution
		SolutionGuid = {E476CFAD-4F42-4E50-8756-C4761257AE66}
	EndGlobalSection
EndGlobal
